
Microsoft Visual Studio Solution File, Format Version 12.00
# Visual Studio Version 17
VisualStudioVersion = 17.3.32819.101
MinimumVisualStudioVersion = 10.0.40219.1
Project("{9A19103F-16F7-4668-BE54-9A1E7A4F7556}") = "Client", "Client\Client.csproj", "{CA4AD792-A5ED-41C3-A5BD-87BAED288E45}"
EndProject
Project("{9A19103F-16F7-4668-BE54-9A1E7A4F7556}") = "DungeonsAndDragons5e", "DungeonsAndDragons5e\DungeonsAndDragons5e.csproj", "{1E0BDC8A-84ED-4F2C-9AF1-EC56115BA58E}"
EndProject
Project("{9A19103F-16F7-4668-BE54-9A1E7A4F7556}") = "Server", "Server\Server.csproj", "{3E3ADF58-7BEF-47EF-9419-2A333C1C4BEC}"
EndProject
Project("{9A19103F-16F7-4668-BE54-9A1E7A4F7556}") = "DungeonsAndDragons5e.DataTransfer", "DungeonsAndDragons5e.DataTransfer\DungeonsAndDragons5e.DataTransfer.csproj", "{BD5AF165-6D67-48BA-9719-362BF2931F49}"
EndProject
Project("{9A19103F-16F7-4668-BE54-9A1E7A4F7556}") = "DungeonsAndDragons5e.View", "DungeonsAndDragons5e.View\DungeonsAndDragons5e.View.csproj", "{31A65DE2-2AE7-437E-8104-A9423081E462}"
	ProjectSection(ProjectDependencies) = postProject
		{BD5AF165-6D67-48BA-9719-362BF2931F49} = {BD5AF165-6D67-48BA-9719-362BF2931F49}
	EndProjectSection
EndProject
Project("{9A19103F-16F7-4668-BE54-9A1E7A4F7556}") = "DataTransfer", "DataTransfer\DataTransfer.csproj", "{B218BBF6-DA5D-4458-AA12-750AE0EEEB4B}"
EndProject
Global
	GlobalSection(SolutionConfigurationPlatforms) = preSolution
		Debug|Any CPU = Debug|Any CPU
		Release|Any CPU = Release|Any CPU
	EndGlobalSection
	GlobalSection(ProjectConfigurationPlatforms) = postSolution
		{CA4AD792-A5ED-41C3-A5BD-87BAED288E45}.Debug|Any CPU.ActiveCfg = Debug|Any CPU
		{CA4AD792-A5ED-41C3-A5BD-87BAED288E45}.Debug|Any CPU.Build.0 = Debug|Any CPU
		{CA4AD792-A5ED-41C3-A5BD-87BAED288E45}.Release|Any CPU.ActiveCfg = Release|Any CPU
		{CA4AD792-A5ED-41C3-A5BD-87BAED288E45}.Release|Any CPU.Build.0 = Release|Any CPU
		{1E0BDC8A-84ED-4F2C-9AF1-EC56115BA58E}.Debug|Any CPU.ActiveCfg = Debug|Any CPU
		{1E0BDC8A-84ED-4F2C-9AF1-EC56115BA58E}.Debug|Any CPU.Build.0 = Debug|Any CPU
		{1E0BDC8A-84ED-4F2C-9AF1-EC56115BA58E}.Release|Any CPU.ActiveCfg = Release|Any CPU
		{1E0BDC8A-84ED-4F2C-9AF1-EC56115BA58E}.Release|Any CPU.Build.0 = Release|Any CPU
		{3E3ADF58-7BEF-47EF-9419-2A333C1C4BEC}.Debug|Any CPU.ActiveCfg = Debug|Any CPU
		{3E3ADF58-7BEF-47EF-9419-2A333C1C4BEC}.Debug|Any CPU.Build.0 = Debug|Any CPU
		{3E3ADF58-7BEF-47EF-9419-2A333C1C4BEC}.Release|Any CPU.ActiveCfg = Release|Any CPU
		{3E3ADF58-7BEF-47EF-9419-2A333C1C4BEC}.Release|Any CPU.Build.0 = Release|Any CPU
		{BD5AF165-6D67-48BA-9719-362BF2931F49}.Debug|Any CPU.ActiveCfg = Debug|Any CPU
		{BD5AF165-6D67-48BA-9719-362BF2931F49}.Debug|Any CPU.Build.0 = Debug|Any CPU
		{BD5AF165-6D67-48BA-9719-362BF2931F49}.Release|Any CPU.ActiveCfg = Release|Any CPU
		{BD5AF165-6D67-48BA-9719-362BF2931F49}.Release|Any CPU.Build.0 = Release|Any CPU
		{31A65DE2-2AE7-437E-8104-A9423081E462}.Debug|Any CPU.ActiveCfg = Debug|Any CPU
		{31A65DE2-2AE7-437E-8104-A9423081E462}.Debug|Any CPU.Build.0 = Debug|Any CPU
		{31A65DE2-2AE7-437E-8104-A9423081E462}.Release|Any CPU.ActiveCfg = Release|Any CPU
		{31A65DE2-2AE7-437E-8104-A9423081E462}.Release|Any CPU.Build.0 = Release|Any CPU
		{B218BBF6-DA5D-4458-AA12-750AE0EEEB4B}.Debug|Any CPU.ActiveCfg = Debug|Any CPU
		{B218BBF6-DA5D-4458-AA12-750AE0EEEB4B}.Debug|Any CPU.Build.0 = Debug|Any CPU
		{B218BBF6-DA5D-4458-AA12-750AE0EEEB4B}.Release|Any CPU.ActiveCfg = Release|Any CPU
		{B218BBF6-DA5D-4458-AA12-750AE0EEEB4B}.Release|Any CPU.Build.0 = Release|Any CPU
	EndGlobalSection
	GlobalSection(SolutionProperties) = preSolution
		HideSolutionNode = FALSE
	EndGlobalSection
	GlobalSection(ExtensibilityGlobals) = postSolution
		SolutionGuid = {E3AC4055-B3B8-4976-8123-B74A689B592B}
	EndGlobalSection
EndGlobal
